<Solution>
  <Folder Name="/samples/">
    <Project Path="samples/DianInvoice/DianInvoice.csproj" />
    <Project Path="samples/PosInvoice/PosInvoice.csproj" />
    <Project Path="samples/PosReceipt/PosReceipt.csproj" />
  </Folder>
  <Folder Name="/src/">
    <Project Path="src/SimplyPdf/SimplyPdf.csproj" />
  </Folder>
  <Folder Name="/tests/">
    <Project Path="tests/SimplyPdf.Tests/SimplyPdf.Tests.csproj" />
  </Folder>
  <Folder Name="/tools/">
    <Project Path="tools/AfmToCSharp/AfmToCSharp.csproj" />
  </Folder>
</Solution>
